{
  "name": "klattsch-rs-tools",
  "lockfileVersion": 3,
  "requires": true,
  "packages": {
    "": {
      "name": "klattsch-rs-tools",
      "devDependencies": {
        "klattsch": "0.3.0"
      }
    },
    "node_modules/klattsch": {
      "version": "0.3.0",
      "resolved": "https://registry.npmjs.org/klattsch/-/klattsch-0.3.0.tgz",
      "integrity": "sha512-Hwq0oEGG0gtVnv/IzSFGAIcr2MJG9ADCkV6X57P2ZGStonouifUNwFebqFBxALH4l8LYx8/LbHE45QYHj+Bn0A==",
      "dev": true,
      "license": "MIT",
      "bin": {
        "klattsch": "bin/klattsch.mjs"
      }
    }
  }
}
